
Microsoft Visual Studio Solution File, Format Version 12.00
# Visual Studio Version 17
VisualStudioVersion = 17.3.32825.248
MinimumVisualStudioVersion = 10.0.40219.1
Project("{2150E333-8FDC-42A3-9474-1A3956D46DE8}") = "src", "src", "{ED2BAFDF-8057-4DD0-AD08-242A8378A346}"
EndProject
Project("{9A19103F-16F7-4668-BE54-9A1E7A4F7556}") = "MGroup.NumericalAnalyzers", "src\MGroup.NumericalAnalyzers\MGroup.NumericalAnalyzers.csproj", "{0194CED3-AEB3-418E-A2C0-16FC0221A283}"
EndProject
Project("{9A19103F-16F7-4668-BE54-9A1E7A4F7556}") = "MGroup.NumericalAnalyzers.Discretization", "src\MGroup.NumericalAnalyzers.Discretization\MGroup.NumericalAnalyzers.Discretization.csproj", "{48351801-7E76-43F9-AB81-918C2010BE32}"
EndProject
Global
	GlobalSection(SolutionConfigurationPlatforms) = preSolution
		Debug|Any CPU = Debug|Any CPU
		Release|Any CPU = Release|Any CPU
	EndGlobalSection
	GlobalSection(ProjectConfigurationPlatforms) = postSolution
		{0194CED3-AEB3-418E-A2C0-16FC0221A283}.Debug|Any CPU.ActiveCfg = Debug|Any CPU
		{0194CED3-AEB3-418E-A2C0-16FC0221A283}.Debug|Any CPU.Build.0 = Debug|Any CPU
		{0194CED3-AEB3-418E-A2C0-16FC0221A283}.Release|Any CPU.ActiveCfg = Release|Any CPU
		{0194CED3-AEB3-418E-A2C0-16FC0221A283}.Release|Any CPU.Build.0 = Release|Any CPU
		{48351801-7E76-43F9-AB81-918C2010BE32}.Debug|Any CPU.ActiveCfg = Debug|Any CPU
		{48351801-7E76-43F9-AB81-918C2010BE32}.Debug|Any CPU.Build.0 = Debug|Any CPU
		{48351801-7E76-43F9-AB81-918C2010BE32}.Release|Any CPU.ActiveCfg = Release|Any CPU
		{48351801-7E76-43F9-AB81-918C2010BE32}.Release|Any CPU.Build.0 = Release|Any CPU
	EndGlobalSection
	GlobalSection(SolutionProperties) = preSolution
		HideSolutionNode = FALSE
	EndGlobalSection
	GlobalSection(NestedProjects) = preSolution
		{0194CED3-AEB3-418E-A2C0-16FC0221A283} = {ED2BAFDF-8057-4DD0-AD08-242A8378A346}
		{48351801-7E76-43F9-AB81-918C2010BE32} = {ED2BAFDF-8057-4DD0-AD08-242A8378A346}
	EndGlobalSection
	GlobalSection(ExtensibilityGlobals) = postSolution
		SolutionGuid = {58765B1F-F7F5-4640-9832-B5CC212DF640}
	EndGlobalSection
EndGlobal
